
Microsoft Visual Studio Solution File, Format Version 12.00
# Visual Studio Version 17
VisualStudioVersion = 17.9.34728.123
MinimumVisualStudioVersion = 10.0.40219.1
Project("{FAE04EC0-301F-11D3-BF4B-00C04F79EFBC}") = "BattleWars", "BattleWars\BattleWars.csproj", "{6AC70E78-30FF-4A1C-A95A-679B506BD5DB}"
EndProject
Global
	GlobalSection(SolutionConfigurationPlatforms) = preSolution
		Debug|Any CPU = Debug|Any CPU
		Release|Any CPU = Release|Any CPU
	EndGlobalSection
	GlobalSection(ProjectConfigurationPlatforms) = postSolution
		{6AC70E78-30FF-4A1C-A95A-679B506BD5DB}.Debug|Any CPU.ActiveCfg = Debug|Any CPU
		{6AC70E78-30FF-4A1C-A95A-679B506BD5DB}.Debug|Any CPU.Build.0 = Debug|Any CPU
		{6AC70E78-30FF-4A1C-A95A-679B506BD5DB}.Release|Any CPU.ActiveCfg = Release|Any CPU
		{6AC70E78-30FF-4A1C-A95A-679B506BD5DB}.Release|Any CPU.Build.0 = Release|Any CPU
	EndGlobalSection
	GlobalSection(SolutionProperties) = preSolution
		HideSolutionNode = FALSE
	EndGlobalSection
	GlobalSection(ExtensibilityGlobals) = postSolution
		SolutionGuid = {F6B984F1-CDD5-46E8-99C9-C4816099DDED}
	EndGlobalSection
EndGlobal
